// !$*UTF8*$!
{
	archiveVersion = 1;
	classes = {
	};
	objectVersion = 46;
	objects = {

/* Begin PBXBuildFile section */
		3F92ED431E4A30760037F3C6 /* AppDelegate.swift in Sources */ = {isa = PBXBuildFile; fileRef = 3F92ED421E4A30760037F3C6 /* AppDelegate.swift */; };
		3F92ED451E4A30760037F3C6 /* ViewController.swift in Sources */ = {isa = PBXBuildFile; fileRef = 3F92ED441E4A30760037F3C6 /* ViewController.swift */; };
		3F92ED481E4A30760037F3C6 /* Main.storyboard in Resources */ = {isa = PBXBuildFile; fileRef = 3F92ED461E4A30760037F3C6 /* Main.storyboard */; };
		3F92ED4A1E4A30760037F3C6 /* Assets.xcassets in Resources */ = {isa = PBXBuildFile; fileRef = 3F92ED491E4A30760037F3C6 /* Assets.xcassets */; };
		3F92ED4D1E4A30760037F3C6 /* LaunchScreen.storyboard in Resources */ = {isa = PBXBuildFile; fileRef = 3F92ED4B1E4A30760037F3C6 /* LaunchScreen.storyboard */; };
		3F92ED581E4A30760037F3C6 /* College_Profile_BuilderTests.swift in Sources */ = {isa = PBXBuildFile; fileRef = 3F92ED571E4A30760037F3C6 /* College_Profile_BuilderTests.swift */; };
		3F92ED631E4A30760037F3C6 /* College_Profile_BuilderUITests.swift in Sources */ = {isa = PBXBuildFile; fileRef = 3F92ED621E4A30760037F3C6 /* College_Profile_BuilderUITests.swift */; };
		3FD741211E4B76DD00C94E66 /* CollegeClass.swift in Sources */ = {isa = PBXBuildFile; fileRef = 3FD741201E4B76DD00C94E66 /* CollegeClass.swift */; };
		3FD741231E4B78A000C94E66 /* DetailedViewController.swift in Sources */ = {isa = PBXBuildFile; fileRef = 3FD741221E4B78A000C94E66 /* DetailedViewController.swift */; };
/* End PBXBuildFile section */

/* Begin PBXContainerItemProxy section */
		3F92ED541E4A30760037F3C6 /* PBXContainerItemProxy */ = {
			isa = PBXContainerItemProxy;
			containerPortal = 3F92ED371E4A30750037F3C6 /* Project object */;
			proxyType = 1;
			remoteGlobalIDString = 3F92ED3E1E4A30760037F3C6;
			remoteInfo = "College Profile Builder";
		};
		3F92ED5F1E4A30760037F3C6 /* PBXContainerItemProxy */ = {
			isa = PBXContainerItemProxy;
			containerPortal = 3F92ED371E4A30750037F3C6 /* Project object */;
			proxyType = 1;
			remoteGlobalIDString = 3F92ED3E1E4A30760037F3C6;
			remoteInfo = "College Profile Builder";
		};
/* End PBXContainerItemProxy section */

/* Begin PBXFileReference section */
		3F92ED3F1E4A30760037F3C6 /* College Profile Builder.app */ = {isa = PBXFileReference; explicitFileType = wrapper.application; includeInIndex = 0; path = "College Profile Builder.app"; sourceTree = BUILT_PRODUCTS_DIR; };
		3F92ED421E4A30760037F3C6 /* AppDelegate.swift */ = {isa = PBXFileReference; lastKnownFileType = sourcecode.swift; path = AppDelegate.swift; sourceTree = "<group>"; };
		3F92ED441E4A30760037F3C6 /* ViewController.swift */ = {isa = PBXFileReference; lastKnownFileType = sourcecode.swift; path = ViewController.swift; sourceTree = "<group>"; };
		3F92ED471E4A30760037F3C6 /* Base */ = {isa = PBXFileReference; lastKnownFileType = file.storyboard; name = Base; path = Base.lproj/Main.storyboard; sourceTree = "<group>"; };
		3F92ED491E4A30760037F3C6 /* Assets.xcassets */ = {isa = PBXFileReference; lastKnownFileType = folder.assetcatalog; path = Assets.xcassets; sourceTree = "<group>"; };
		3F92ED4C1E4A30760037F3C6 /* Base */ = {isa = PBXFileReference; lastKnownFileType = file.storyboard; name = Base; path = Base.lproj/LaunchScreen.storyboard; sourceTree = "<group>"; };
		3F92ED4E1E4A30760037F3C6 /* Info.plist */ = {isa = PBXFileReference; lastKnownFileType = text.plist.xml; path = Info.plist; sourceTree = "<group>"; };
		3F92ED531E4A30760037F3C6 /* College Profile BuilderTests.xctest */ = {isa = PBXFileReference; explicitFileType = wrapper.cfbundle; includeInIndex = 0; path = "College Profile BuilderTests.xctest"; sourceTree = BUILT_PRODUCTS_DIR; };
		3F92ED571E4A30760037F3C6 /* College_Profile_BuilderTests.swift */ = {isa = PBXFileReference; lastKnownFileType = sourcecode.swift; path = College_Profile_BuilderTests.swift; sourceTree = "<group>"; };
		3F92ED591E4A30760037F3C6 /* Info.plist */ = {isa = PBXFileReference; lastKnownFileType = text.plist.xml; path = Info.plist; sourceTree = "<group>"; };
		3F92ED5E1E4A30760037F3C6 /* College Profile BuilderUITests.xctest */ = {isa = PBXFileReference; explicitFileType = wrapper.cfbundle; includeInIndex = 0; path = "College Profile BuilderUITests.xctest"; sourceTree = BUILT_PRODUCTS_DIR; };
		3F92ED621E4A30760037F3C6 /* College_Profile_BuilderUITests.swift */ = {isa = PBXFileReference; lastKnownFileType = sourcecode.swift; path = College_Profile_BuilderUITests.swift; sourceTree = "<group>"; };
		3F92ED641E4A30760037F3C6 /* Info.plist */ = {isa = PBXFileReference; lastKnownFileType = text.plist.xml; path = Info.plist; sourceTree = "<group>"; };
		3FD741201E4B76DD00C94E66 /* CollegeClass.swift */ = {isa = PBXFileReference; fileEncoding = 4; lastKnownFileType = sourcecode.swift; path = CollegeClass.swift; sourceTree = "<group>"; };
		3FD741221E4B78A000C94E66 /* DetailedViewController.swift */ = {isa = PBXFileReference; fileEncoding = 4; lastKnownFileType = sourcecode.swift; path = DetailedViewController.swift; sourceTree = "<group>"; };
/* End PBXFileReference section */

/* Begin PBXFrameworksBuildPhase section */
		3F92ED3C1E4A30760037F3C6 /* Frameworks */ = {
			isa = PBXFrameworksBuildPhase;
			buildActionMask = 2147483647;
			files = (
			);
			runOnlyForDeploymentPostprocessing = 0;
		};
		3F92ED501E4A30760037F3C6 /* Frameworks */ = {
			isa = PBXFrameworksBuildPhase;
			buildActionMask = 2147483647;
			files = (
			);
			runOnlyForDeploymentPostprocessing = 0;
		};
		3F92ED5B1E4A30760037F3C6 /* Frameworks */ = {
			isa = PBXFrameworksBuildPhase;
			buildActionMask = 2147483647;
			files = (
			);
			runOnlyForDeploymentPostprocessing = 0;
		};
/* End PBXFrameworksBuildPhase section */

/* Begin PBXGroup section */
		3F92ED361E4A30750037F3C6 = {
			isa = PBXGroup;
			children = (
				3F92ED411E4A30760037F3C6 /* College Profile Builder */,
				3F92ED561E4A30760037F3C6 /* College Profile BuilderTests */,
				3F92ED611E4A30760037F3C6 /* College Profile BuilderUITests */,
				3F92ED401E4A30760037F3C6 /* Products */,
			);
			sourceTree = "<group>";
		};
		3F92ED401E4A30760037F3C6 /* Products */ = {
			isa = PBXGroup;
			children = (
				3F92ED3F1E4A30760037F3C6 /* College Profile Builder.app */,
				3F92ED531E4A30760037F3C6 /* College Profile BuilderTests.xctest */,
				3F92ED5E1E4A30760037F3C6 /* College Profile BuilderUITests.xctest */,
			);
			name = Products;
			sourceTree = "<group>";
		};
		3F92ED411E4A30760037F3C6 /* College Profile Builder */ = {
			isa = PBXGroup;
			children = (
				3F92ED421E4A30760037F3C6 /* AppDelegate.swift */,
				3F92ED441E4A30760037F3C6 /* ViewController.swift */,
				3FD741201E4B76DD00C94E66 /* CollegeClass.swift */,
				3F92ED461E4A30760037F3C6 /* Main.storyboard */,
				3FD741221E4B78A000C94E66 /* DetailedViewController.swift */,
				3F92ED491E4A30760037F3C6 /* Assets.xcassets */,
				3F92ED4B1E4A30760037F3C6 /* LaunchScreen.storyboard */,
				3F92ED4E1E4A30760037F3C6 /* Info.plist */,
			);
			path = "College Profile Builder";
			sourceTree = "<group>";
		};
		3F92ED561E4A30760037F3C6 /* College Profile BuilderTests */ = {
			isa = PBXGroup;
			children = (
				3F92ED571E4A30760037F3C6 /* College_Profile_BuilderTests.swift */,
				3F92ED591E4A30760037F3C6 /* Info.plist */,
			);
			path = "College Profile BuilderTests";
			sourceTree = "<group>";
		};
		3F92ED611E4A30760037F3C6 /* College Profile BuilderUITests */ = {
			isa = PBXGroup;
			children = (
				3F92ED621E4A30760037F3C6 /* College_Profile_BuilderUITests.swift */,
				3F92ED641E4A30760037F3C6 /* Info.plist */,
			);
			path = "College Profile BuilderUITests";
			sourceTree = "<group>";
		};
/* End PBXGroup section */

/* Begin PBXNativeTarget section */
		3F92ED3E1E4A30760037F3C6 /* College Profile Builder */ = {
			isa = PBXNativeTarget;
			buildConfigurationList = 3F92ED671E4A30760037F3C6 /* Build configuration list for PBXNativeTarget "College Profile Builder" */;
			buildPhases = (
				3F92ED3B1E4A30760037F3C6 /* Sources */,
				3F92ED3C1E4A30760037F3C6 /* Frameworks */,
				3F92ED3D1E4A30760037F3C6 /* Resources */,
			);
			buildRules = (
			);
			dependencies = (
			);
			name = "College Profile Builder";
			productName = "College Profile Builder";
			productReference = 3F92ED3F1E4A30760037F3C6 /* College Profile Builder.app */;
			productType = "com.apple.product-type.application";
		};
		3F92ED521E4A30760037F3C6 /* College Profile BuilderTests */ = {
			isa = PBXNativeTarget;
			buildConfigurationList = 3F92ED6A1E4A30760037F3C6 /* Build configuration list for PBXNativeTarget "College Profile BuilderTests" */;
			buildPhases = (
				3F92ED4F1E4A30760037F3C6 /* Sources */,
				3F92ED501E4A30760037F3C6 /* Frameworks */,
				3F92ED511E4A30760037F3C6 /* Resources */,
			);
			buildRules = (
			);
			dependencies = (
				3F92ED551E4A30760037F3C6 /* PBXTargetDependency */,
			);
			name = "College Profile BuilderTests";
			productName = "College Profile BuilderTests";
			productReference = 3F92ED531E4A30760037F3C6 /* College Profile BuilderTests.xctest */;
			productType = "com.apple.product-type.bundle.unit-test";
		};
		3F92ED5D1E4A30760037F3C6 /* College Profile BuilderUITests */ = {
			isa = PBXNativeTarget;
			buildConfigurationList = 3F92ED6D1E4A30760037F3C6 /* Build configuration list for PBXNativeTarget "College Profile BuilderUITests" */;
			buildPhases = (
				3F92ED5A1E4A30760037F3C6 /* Sources */,
				3F92ED5B1E4A30760037F3C6 /* Frameworks */,
				3F92ED5C1E4A30760037F3C6 /* Resources */,
			);
			buildRules = (
			);
			dependencies = (
				3F92ED601E4A30760037F3C6 /* PBXTargetDependency */,
			);
			name = "College Profile BuilderUITests";
			productName = "College Profile BuilderUITests";
			productReference = 3F92ED5E1E4A30760037F3C6 /* College Profile BuilderUITests.xctest */;
			productType = "com.apple.product-type.bundle.ui-testing";
		};
/* End PBXNativeTarget section */

/* Begin PBXProject section */
		3F92ED371E4A30750037F3C6 /* Project object */ = {
			isa = PBXProject;
			attributes = {
				LastSwiftUpdateCheck = 0820;
				LastUpgradeCheck = 0820;
				ORGANIZATIONNAME = Jack;
				TargetAttributes = {
					3F92ED3E1E4A30760037F3C6 = {
						CreatedOnToolsVersion = 8.2.1;
						ProvisioningStyle = Automatic;
					};
					3F92ED521E4A30760037F3C6 = {
						CreatedOnToolsVersion = 8.2.1;
						ProvisioningStyle = Automatic;
						TestTargetID = 3F92ED3E1E4A30760037F3C6;
					};
					3F92ED5D1E4A30760037F3C6 = {
						CreatedOnToolsVersion = 8.2.1;
						ProvisioningStyle = Automatic;
						TestTargetID = 3F92ED3E1E4A30760037F3C6;
					};
				};
			};
			buildConfigurationList = 3F92ED3A1E4A30750037F3C6 /* Build configuration list for PBXProject "College Profile Builder" */;
			compatibilityVersion = "Xcode 3.2";
			developmentRegion = English;
			hasScannedForEncodings = 0;
			knownRegions = (
				en,
				Base,
			);
			mainGroup = 3F92ED361E4A30750037F3C6;
			productRefGroup = 3F92ED401E4A30760037F3C6 /* Products */;
			projectDirPath = "";
			projectRoot = "";
			targets = (
				3F92ED3E1E4A30760037F3C6 /* College Profile Builder */,
				3F92ED521E4A30760037F3C6 /* College Profile BuilderTests */,
				3F92ED5D1E4A30760037F3C6 /* College Profile BuilderUITests */,
			);
		};
/* End PBXProject section */

/* Begin PBXResourcesBuildPhase section */
		3F92ED3D1E4A30760037F3C6 /* Resources */ = {
			isa = PBXResourcesBuildPhase;
			buildActionMask = 2147483647;
			files = (
				3F92ED4D1E4A30760037F3C6 /* LaunchScreen.storyboard in Resources */,
				3F92ED4A1E4A30760037F3C6 /* Assets.xcassets in Resources */,
				3F92ED481E4A30760037F3C6 /* Main.storyboard in Resources */,
			);
			runOnlyForDeploymentPostprocessing = 0;
		};
		3F92ED511E4A30760037F3C6 /* Resources */ = {
			isa = PBXResourcesBuildPhase;
			buildActionMask = 2147483647;
			files = (
			);
			runOnlyForDeploymentPostprocessing = 0;
		};
		3F92ED5C1E4A30760037F3C6 /* Resources */ = {
			isa = PBXResourcesBuildPhase;
			buildActionMask = 2147483647;
			files = (
			);
			runOnlyForDeploymentPostprocessing = 0;
		};
/* End PBXResourcesBuildPhase section */

/* Begin PBXSourcesBuildPhase section */
		3F92ED3B1E4A30760037F3C6 /* Sources */ = {
			isa = PBXSourcesBuildPhase;
			buildActionMask = 2147483647;
			files = (
				3F92ED451E4A30760037F3C6 /* ViewController.swift in Sources */,
				3FD741211E4B76DD00C94E66 /* CollegeClass.swift in Sources */,
				3FD741231E4B78A000C94E66 /* DetailedViewController.swift in Sources */,
				3F92ED431E4A30760037F3C6 /* AppDelegate.swift in Sources */,
			);
			runOnlyForDeploymentPostprocessing = 0;
		};
		3F92ED4F1E4A30760037F3C6 /* Sources */ = {
			isa = PBXSourcesBuildPhase;
			buildActionMask = 2147483647;
			files = (
				3F92ED581E4A30760037F3C6 /* College_Profile_BuilderTests.swift in Sources */,
			);
			runOnlyForDeploymentPostprocessing = 0;
		};
		3F92ED5A1E4A30760037F3C6 /* Sources */ = {
			isa = PBXSourcesBuildPhase;
			buildActionMask = 2147483647;
			files = (
				3F92ED631E4A30760037F3C6 /* College_Profile_BuilderUITests.swift in Sources */,
			);
			runOnlyForDeploymentPostprocessing = 0;
		};
/* End PBXSourcesBuildPhase section */

/* Begin PBXTargetDependency section */
		3F92ED551E4A30760037F3C6 /* PBXTargetDependency */ = {
			isa = PBXTargetDependency;
			target = 3F92ED3E1E4A30760037F3C6 /* College Profile Builder */;
			targetProxy = 3F92ED541E4A30760037F3C6 /* PBXContainerItemProxy */;
		};
		3F92ED601E4A30760037F3C6 /* PBXTargetDependency */ = {
			isa = PBXTargetDependency;
			target = 3F92ED3E1E4A30760037F3C6 /* College Profile Builder */;
			targetProxy = 3F92ED5F1E4A30760037F3C6 /* PBXContainerItemProxy */;
		};
/* End PBXTargetDependency section */

/* Begin PBXVariantGroup section */
		3F92ED461E4A30760037F3C6 /* Main.storyboard */ = {
			isa = PBXVariantGroup;
			children = (
				3F92ED471E4A30760037F3C6 /* Base */,
			);
			name = Main.storyboard;
			sourceTree = "<group>";
		};
		3F92ED4B1E4A30760037F3C6 /* LaunchScreen.storyboard */ = {
			isa = PBXVariantGroup;
			children = (
				3F92ED4C1E4A30760037F3C6 /* Base */,
			);
			name = LaunchScreen.storyboard;
			sourceTree = "<group>";
		};
/* End PBXVariantGroup section */

/* Begin XCBuildConfiguration section */
		3F92ED651E4A30760037F3C6 /* Debug */ = {
			isa = XCBuildConfiguration;
			buildSettings = {
				ALWAYS_SEARCH_USER_PATHS = NO;
				CLANG_ANALYZER_NONNULL = YES;
				CLANG_CXX_LANGUAGE_STANDARD = "gnu++0x";
				CLANG_CXX_LIBRARY = "libc++";
				CLANG_ENABLE_MODULES = YES;
				CLANG_ENABLE_OBJC_ARC = YES;
				CLANG_WARN_BOOL_CONVERSION = YES;
				CLANG_WARN_CONSTANT_CONVERSION = YES;
				CLANG_WARN_DIRECT_OBJC_ISA_USAGE = YES_ERROR;
				CLANG_WARN_DOCUMENTATION_COMMENTS = YES;
				CLANG_WARN_EMPTY_BODY = YES;
				CLANG_WARN_ENUM_CONVERSION = YES;
				CLANG_WARN_INFINITE_RECURSION = YES;
				CLANG_WARN_INT_CONVERSION = YES;
				CLANG_WARN_OBJC_ROOT_CLASS = YES_ERROR;
				CLANG_WARN_SUSPICIOUS_MOVE = YES;
				CLANG_WARN_UNREACHABLE_CODE = YES;
				CLANG_WARN__DUPLICATE_METHOD_MATCH = YES;
				"CODE_SIGN_IDENTITY[sdk=iphoneos*]" = "iPhone Developer";
				COPY_PHASE_STRIP = NO;
				DEBUG_INFORMATION_FORMAT = dwarf;
				ENABLE_STRICT_OBJC_MSGSEND = YES;
				ENABLE_TESTABILITY = YES;
				GCC_C_LANGUAGE_STANDARD = gnu99;
				GCC_DYNAMIC_NO_PIC = NO;
				GCC_NO_COMMON_BLOCKS = YES;
				GCC_OPTIMIZATION_LEVEL = 0;
				GCC_PREPROCESSOR_DEFINITIONS = (
					"DEBUG=1",
					"$(inherited)",
				);
				GCC_WARN_64_TO_32_BIT_CONVERSION = YES;
				GCC_WARN_ABOUT_RETURN_TYPE = YES_ERROR;
				GCC_WARN_UNDECLARED_SELECTOR = YES;
				GCC_WARN_UNINITIALIZED_AUTOS = YES_AGGRESSIVE;
				GCC_WARN_UNUSED_FUNCTION = YES;
				GCC_WARN_UNUSED_VARIABLE = YES;
				IPHONEOS_DEPLOYMENT_TARGET = 10.2;
				MTL_ENABLE_DEBUG_INFO = YES;
				ONLY_ACTIVE_ARCH = YES;
				SDKROOT = iphoneos;
				SWIFT_ACTIVE_COMPILATION_CONDITIONS = DEBUG;
				SWIFT_OPTIMIZATION_LEVEL = "-Onone";
			};
			name = Debug;
		};
		3F92ED661E4A30760037F3C6 /* Release */ = {
			isa = XCBuildConfiguration;
			buildSettings = {
				ALWAYS_SEARCH_USER_PATHS = NO;
				CLANG_ANALYZER_NONNULL = YES;
				CLANG_CXX_LANGUAGE_STANDARD = "gnu++0x";
				CLANG_CXX_LIBRARY = "libc++";
				CLANG_ENABLE_MODULES = YES;
				CLANG_ENABLE_OBJC_ARC = YES;
				CLANG_WARN_BOOL_CONVERSION = YES;
				CLANG_WARN_CONSTANT_CONVERSION = YES;
				CLANG_WARN_DIRECT_OBJC_ISA_USAGE = YES_ERROR;
				CLANG_WARN_DOCUMENTATION_COMMENTS = YES;
				CLANG_WARN_EMPTY_BODY = YES;
				CLANG_WARN_ENUM_CONVERSION = YES;
				CLANG_WARN_INFINITE_RECURSION = YES;
				CLANG_WARN_INT_CONVERSION = YES;
				CLANG_WARN_OBJC_ROOT_CLASS = YES_ERROR;
				CLANG_WARN_SUSPICIOUS_MOVE = YES;
				CLANG_WARN_UNREACHABLE_CODE = YES;
				CLANG_WARN__DUPLICATE_METHOD_MATCH = YES;
				"CODE_SIGN_IDENTITY[sdk=iphoneos*]" = "iPhone Developer";
				COPY_PHASE_STRIP = NO;
				DEBUG_INFORMATION_FORMAT = "dwarf-with-dsym";
				ENABLE_NS_ASSERTIONS = NO;
				ENABLE_STRICT_OBJC_MSGSEND = YES;
				GCC_C_LANGUAGE_STANDARD = gnu99;
				GCC_NO_COMMON_BLOCKS = YES;
				GCC_WARN_64_TO_32_BIT_CONVERSION = YES;
				GCC_WARN_ABOUT_RETURN_TYPE = YES_ERROR;
				GCC_WARN_UNDECLARED_SELECTOR = YES;
				GCC_WARN_UNINITIALIZED_AUTOS = YES_AGGRESSIVE;
				GCC_WARN_UNUSED_FUNCTION = YES;
				GCC_WARN_UNUSED_VARIABLE = YES;
				IPHONEOS_DEPLOYMENT_TARGET = 10.2;
				MTL_ENABLE_DEBUG_INFO = NO;
				SDKROOT = iphoneos;
				SWIFT_OPTIMIZATION_LEVEL = "-Owholemodule";
				VALIDATE_PRODUCT = YES;
			};
			name = Release;
		};
		3F92ED681E4A30760037F3C6 /* Debug */ = {
			isa = XCBuildConfiguration;
			buildSettings = {
				ASSETCATALOG_COMPILER_APPICON_NAME = AppIcon;
				INFOPLIST_FILE = "College Profile Builder/Info.plist";
				LD_RUNPATH_SEARCH_PATHS = "$(inherited) @executable_path/Frameworks";
				PRODUCT_BUNDLE_IDENTIFIER = "BHS.College-Profile-Builder";
				PRODUCT_NAME = "$(TARGET_NAME)";
				SWIFT_VERSION = 3.0;
			};
			name = Debug;
		};
		3F92ED691E4A30760037F3C6 /* Release */ = {
			isa = XCBuildConfiguration;
			buildSettings = {
				ASSETCATALOG_COMPILER_APPICON_NAME = AppIcon;
				INFOPLIST_FILE = "College Profile Builder/Info.plist";
				LD_RUNPATH_SEARCH_PATHS = "$(inherited) @executable_path/Frameworks";
				PRODUCT_BUNDLE_IDENTIFIER = "BHS.College-Profile-Builder";
				PRODUCT_NAME = "$(TARGET_NAME)";
				SWIFT_VERSION = 3.0;
			};
			name = Release;
		};
		3F92ED6B1E4A30760037F3C6 /* Debug */ = {
			isa = XCBuildConfiguration;
			buildSettings = {
				ALWAYS_EMBED_SWIFT_STANDARD_LIBRARIES = YES;
				BUNDLE_LOADER = "$(TEST_HOST)";
				INFOPLIST_FILE = "College Profile BuilderTests/Info.plist";
				LD_RUNPATH_SEARCH_PATHS = "$(inherited) @executable_path/Frameworks @loader_path/Frameworks";
				PRODUCT_BUNDLE_IDENTIFIER = "BHS.College-Profile-BuilderTests";
				PRODUCT_NAME = "$(TARGET_NAME)";
				SWIFT_VERSION = 3.0;
				TEST_HOST = "$(BUILT_PRODUCTS_DIR)/College Profile Builder.app/College Profile Builder";
			};
			name = Debug;
		};
		3F92ED6C1E4A30760037F3C6 /* Release */ = {
			isa = XCBuildConfiguration;
			buildSettings = {
				ALWAYS_EMBED_SWIFT_STANDARD_LIBRARIES = YES;
				BUNDLE_LOADER = "$(TEST_HOST)";
				INFOPLIST_FILE = "College Profile BuilderTests/Info.plist";
				LD_RUNPATH_SEARCH_PATHS = "$(inherited) @executable_path/Frameworks @loader_path/Frameworks";
				PRODUCT_BUNDLE_IDENTIFIER = "BHS.College-Profile-BuilderTests";
				PRODUCT_NAME = "$(TARGET_NAME)";
				SWIFT_VERSION = 3.0;
				TEST_HOST = "$(BUILT_PRODUCTS_DIR)/College Profile Builder.app/College Profile Builder";
			};
			name = Release;
		};
		3F92ED6E1E4A30760037F3C6 /* Debug */ = {
			isa = XCBuildConfiguration;
			buildSettings = {
				ALWAYS_EMBED_SWIFT_STANDARD_LIBRARIES = YES;
				INFOPLIST_FILE = "College Profile BuilderUITests/Info.plist";
				LD_RUNPATH_SEARCH_PATHS = "$(inherited) @executable_path/Frameworks @loader_path/Frameworks";
				PRODUCT_BUNDLE_IDENTIFIER = "BHS.College-Profile-BuilderUITests";
				PRODUCT_NAME = "$(TARGET_NAME)";
				SWIFT_VERSION = 3.0;
				TEST_TARGET_NAME = "College Profile Builder";
			};
			name = Debug;
		};
		3F92ED6F1E4A30760037F3C6 /* Release */ = {
			isa = XCBuildConfiguration;
			buildSettings = {
				ALWAYS_EMBED_SWIFT_STANDARD_LIBRARIES = YES;
				INFOPLIST_FILE = "College Profile BuilderUITests/Info.plist";
				LD_RUNPATH_SEARCH_PATHS = "$(inherited) @executable_path/Frameworks @loader_path/Frameworks";
				PRODUCT_BUNDLE_IDENTIFIER = "BHS.College-Profile-BuilderUITests";
				PRODUCT_NAME = "$(TARGET_NAME)";
				SWIFT_VERSION = 3.0;
				TEST_TARGET_NAME = "College Profile Builder";
			};
			name = Release;
		};
/* End XCBuildConfiguration section */

/* Begin XCConfigurationList section */
		3F92ED3A1E4A30750037F3C6 /* Build configuration list for PBXProject "College Profile Builder" */ = {
			isa = XCConfigurationList;
			buildConfigurations = (
				3F92ED651E4A30760037F3C6 /* Debug */,
				3F92ED661E4A30760037F3C6 /* Release */,
			);
			defaultConfigurationIsVisible = 0;
			defaultConfigurationName = Release;
		};
		3F92ED671E4A30760037F3C6 /* Build configuration list for PBXNativeTarget "College Profile Builder" */ = {
			isa = XCConfigurationList;
			buildConfigurations = (
				3F92ED681E4A30760037F3C6 /* Debug */,
				3F92ED691E4A30760037F3C6 /* Release */,
			);
			defaultConfigurationIsVisible = 0;
			defaultConfigurationName = Release;
		};
		3F92ED6A1E4A30760037F3C6 /* Build configuration list for PBXNativeTarget "College Profile BuilderTests" */ = {
			isa = XCConfigurationList;
			buildConfigurations = (
				3F92ED6B1E4A30760037F3C6 /* Debug */,
				3F92ED6C1E4A30760037F3C6 /* Release */,
			);
			defaultConfigurationIsVisible = 0;
			defaultConfigurationName = Release;
		};
		3F92ED6D1E4A30760037F3C6 /* Build configuration list for PBXNativeTarget "College Profile BuilderUITests" */ = {
			isa = XCConfigurationList;
			buildConfigurations = (
				3F92ED6E1E4A30760037F3C6 /* Debug */,
				3F92ED6F1E4A30760037F3C6 /* Release */,
			);
			defaultConfigurationIsVisible = 0;
			defaultConfigurationName = Release;
		};
/* End XCConfigurationList section */
	};
	rootObject = 3F92ED371E4A30750037F3C6 /* Project object */;
}
